
Microsoft Visual Studio Solution File, Format Version 12.00
# Visual Studio Version 16
VisualStudioVersion = 16.0.30114.128
MinimumVisualStudioVersion = 10.0.40219.1
Project("{8BC9CEB8-8B4A-11D0-8D11-00A0C91BC942}") = "_13_Heap", "_13_Heap.vcxproj", "{89BA098C-D991-4339-80ED-B737DC27883D}"
EndProject
Global
	GlobalSection(SolutionConfigurationPlatforms) = preSolution
		Debug|x64 = Debug|x64
		Debug|x86 = Debug|x86
		Release|x64 = Release|x64
		Release|x86 = Release|x86
	EndGlobalSection
	GlobalSection(ProjectConfigurationPlatforms) = postSolution
		{89BA098C-D991-4339-80ED-B737DC27883D}.Debug|x64.ActiveCfg = Debug|x64
		{89BA098C-D991-4339-80ED-B737DC27883D}.Debug|x64.Build.0 = Debug|x64
		{89BA098C-D991-4339-80ED-B737DC27883D}.Debug|x86.ActiveCfg = Debug|Win32
		{89BA098C-D991-4339-80ED-B737DC27883D}.Debug|x86.Build.0 = Debug|Win32
		{89BA098C-D991-4339-80ED-B737DC27883D}.Release|x64.ActiveCfg = Release|x64
		{89BA098C-D991-4339-80ED-B737DC27883D}.Release|x64.Build.0 = Release|x64
		{89BA098C-D991-4339-80ED-B737DC27883D}.Release|x86.ActiveCfg = Release|Win32
		{89BA098C-D991-4339-80ED-B737DC27883D}.Release|x86.Build.0 = Release|Win32
	EndGlobalSection
	GlobalSection(SolutionProperties) = preSolution
		HideSolutionNode = FALSE
	EndGlobalSection
	GlobalSection(ExtensibilityGlobals) = postSolution
		SolutionGuid = {B932DEF6-763C-44FA-8B04-02B0157FD492}
	EndGlobalSection
EndGlobal
